
Microsoft Visual Studio Solution File, Format Version 12.00
# Visual Studio Version 17
VisualStudioVersion = 17.7.34202.233
MinimumVisualStudioVersion = 10.0.40219.1
Project("{FAE04EC0-301F-11D3-BF4B-00C04F79EFBC}") = "ApiAplication", "ApiAplication\ApiAplication.csproj", "{ABFA6095-9194-4325-82EE-BE1794DD544F}"
EndProject
Global
	GlobalSection(SolutionConfigurationPlatforms) = preSolution
		Debug|Any CPU = Debug|Any CPU
		Release|Any CPU = Release|Any CPU
	EndGlobalSection
	GlobalSection(ProjectConfigurationPlatforms) = postSolution
		{ABFA6095-9194-4325-82EE-BE1794DD544F}.Debug|Any CPU.ActiveCfg = Debug|Any CPU
		{ABFA6095-9194-4325-82EE-BE1794DD544F}.Debug|Any CPU.Build.0 = Debug|Any CPU
		{ABFA6095-9194-4325-82EE-BE1794DD544F}.Release|Any CPU.ActiveCfg = Release|Any CPU
		{ABFA6095-9194-4325-82EE-BE1794DD544F}.Release|Any CPU.Build.0 = Release|Any CPU
	EndGlobalSection
	GlobalSection(SolutionProperties) = preSolution
		HideSolutionNode = FALSE
	EndGlobalSection
	GlobalSection(ExtensibilityGlobals) = postSolution
		SolutionGuid = {E172DA5D-1E72-4A0B-BC2C-1BE5D0AA2BE0}
	EndGlobalSection
EndGlobal
